
Microsoft Visual Studio Solution File, Format Version 12.00
# Visual Studio Version 17
VisualStudioVersion = 17.4.33213.308
MinimumVisualStudioVersion = 10.0.40219.1
Project("{FAE04EC0-301F-11D3-BF4B-00C04F79EFBC}") = "WebApplicationGlobalization", "WebApplicationGlobalization.csproj", "{54501DB3-A75C-41A7-8E64-D6660FBC4024}"
EndProject
Global
	GlobalSection(SolutionConfigurationPlatforms) = preSolution
		Debug|Any CPU = Debug|Any CPU
		Release|Any CPU = Release|Any CPU
	EndGlobalSection
	GlobalSection(ProjectConfigurationPlatforms) = postSolution
		{54501DB3-A75C-41A7-8E64-D6660FBC4024}.Debug|Any CPU.ActiveCfg = Debug|Any CPU
		{54501DB3-A75C-41A7-8E64-D6660FBC4024}.Debug|Any CPU.Build.0 = Debug|Any CPU
		{54501DB3-A75C-41A7-8E64-D6660FBC4024}.Release|Any CPU.ActiveCfg = Release|Any CPU
		{54501DB3-A75C-41A7-8E64-D6660FBC4024}.Release|Any CPU.Build.0 = Release|Any CPU
	EndGlobalSection
	GlobalSection(SolutionProperties) = preSolution
		HideSolutionNode = FALSE
	EndGlobalSection
	GlobalSection(ExtensibilityGlobals) = postSolution
		SolutionGuid = {8F67E93A-F079-490E-BA62-9B672545C8F8}
	EndGlobalSection
EndGlobal
